
Microsoft Visual Studio Solution File, Format Version 12.00
# Visual Studio Version 17
VisualStudioVersion = 17.4.33110.190
MinimumVisualStudioVersion = 10.0.40219.1
Project("{9A19103F-16F7-4668-BE54-9A1E7A4F7556}") = "Day1", "Day1\Day1.csproj", "{C21A4D78-9AB2-42EA-B8B8-206D286B9A47}"
EndProject
Project("{FAE04EC0-301F-11D3-BF4B-00C04F79EFBC}") = "Day2", "Day2\Day2.csproj", "{C924C739-8E17-44AA-89F3-CF5606D0EADE}"
EndProject
Global
	GlobalSection(SolutionConfigurationPlatforms) = preSolution
		Debug|Any CPU = Debug|Any CPU
		Release|Any CPU = Release|Any CPU
	EndGlobalSection
	GlobalSection(ProjectConfigurationPlatforms) = postSolution
		{C21A4D78-9AB2-42EA-B8B8-206D286B9A47}.Debug|Any CPU.ActiveCfg = Debug|Any CPU
		{C21A4D78-9AB2-42EA-B8B8-206D286B9A47}.Debug|Any CPU.Build.0 = Debug|Any CPU
		{C21A4D78-9AB2-42EA-B8B8-206D286B9A47}.Release|Any CPU.ActiveCfg = Release|Any CPU
		{C21A4D78-9AB2-42EA-B8B8-206D286B9A47}.Release|Any CPU.Build.0 = Release|Any CPU
		{C924C739-8E17-44AA-89F3-CF5606D0EADE}.Debug|Any CPU.ActiveCfg = Debug|Any CPU
		{C924C739-8E17-44AA-89F3-CF5606D0EADE}.Debug|Any CPU.Build.0 = Debug|Any CPU
		{C924C739-8E17-44AA-89F3-CF5606D0EADE}.Release|Any CPU.ActiveCfg = Release|Any CPU
		{C924C739-8E17-44AA-89F3-CF5606D0EADE}.Release|Any CPU.Build.0 = Release|Any CPU
	EndGlobalSection
	GlobalSection(SolutionProperties) = preSolution
		HideSolutionNode = FALSE
	EndGlobalSection
	GlobalSection(ExtensibilityGlobals) = postSolution
		SolutionGuid = {49DAA9E5-77F8-4FA3-9A42-98A990F3C9E0}
	EndGlobalSection
EndGlobal
